{
  "name": "@gallant/annotate",
  "version": "0.0.1",
  "lockfileVersion": 1,
  "requires": true,
  "dependencies": {
    "data-collectors": {
      "version": "1.0.4",
      "resolved": "https://registry.npmjs.org/data-collectors/-/data-collectors-1.0.4.tgz",
      "integrity": "sha512-4TEr/ZH8gIhpXb4IzYyjPFRYTQaM8kyFLkxcFgdDJEqaShX3n5LMd2E4lPm4oSjm7fmOJE8JCd34L6b1eBW+og=="
    }
  }
}
